
Microsoft Visual Studio Solution File, Format Version 12.00
# Visual Studio 14
VisualStudioVersion = 14.0.24720.0
MinimumVisualStudioVersion = 10.0.40219.1
Project("{FAE04EC0-301F-11D3-BF4B-00C04F79EFBC}") = "FunnyDevs.Common", "FunnyDevs.Common\FunnyDevs.Common.csproj", "{2BEAFB82-57DC-47B2-B012-C803848331CC}"
EndProject
Project("{FAE04EC0-301F-11D3-BF4B-00C04F79EFBC}") = "FunnyDevs.Data", "FunnyDevs.Data\FunnyDevs.Data.csproj", "{5C1AC0F4-865B-49B6-85D7-2F984E27B1B4}"
EndProject
Project("{FAE04EC0-301F-11D3-BF4B-00C04F79EFBC}") = "FunnyDevs.Tests.Web", "FunnyDevs.Tests.Web\FunnyDevs.Tests.Web.csproj", "{07B7D870-26F6-4618-86A3-5F471DB1FACA}"
EndProject
Project("{FAE04EC0-301F-11D3-BF4B-00C04F79EFBC}") = "FunnyDevs.Services", "FunnyDevs.Services\FunnyDevs.Services.csproj", "{F7F21AA2-E753-423B-94B4-E109064917FA}"
EndProject
Project("{FAE04EC0-301F-11D3-BF4B-00C04F79EFBC}") = "FunnyDevs.Web", "FunnyDevs.Web\FunnyDevs.Web.csproj", "{1FB9DB3D-DD26-40E3-9532-957945BB6146}"
EndProject
Project("{FAE04EC0-301F-11D3-BF4B-00C04F79EFBC}") = "FunnyDevs.Data.Models", "FunnyDevs.Data.Models\FunnyDevs.Data.Models.csproj", "{3F2D619E-201F-40D3-A1AE-3BBFCE5E2A4C}"
EndProject
Global
	GlobalSection(SolutionConfigurationPlatforms) = preSolution
		Debug|Any CPU = Debug|Any CPU
		Release|Any CPU = Release|Any CPU
	EndGlobalSection
	GlobalSection(ProjectConfigurationPlatforms) = postSolution
		{2BEAFB82-57DC-47B2-B012-C803848331CC}.Debug|Any CPU.ActiveCfg = Debug|Any CPU
		{2BEAFB82-57DC-47B2-B012-C803848331CC}.Debug|Any CPU.Build.0 = Debug|Any CPU
		{2BEAFB82-57DC-47B2-B012-C803848331CC}.Release|Any CPU.ActiveCfg = Release|Any CPU
		{2BEAFB82-57DC-47B2-B012-C803848331CC}.Release|Any CPU.Build.0 = Release|Any CPU
		{5C1AC0F4-865B-49B6-85D7-2F984E27B1B4}.Debug|Any CPU.ActiveCfg = Debug|Any CPU
		{5C1AC0F4-865B-49B6-85D7-2F984E27B1B4}.Debug|Any CPU.Build.0 = Debug|Any CPU
		{5C1AC0F4-865B-49B6-85D7-2F984E27B1B4}.Release|Any CPU.ActiveCfg = Release|Any CPU
		{5C1AC0F4-865B-49B6-85D7-2F984E27B1B4}.Release|Any CPU.Build.0 = Release|Any CPU
		{07B7D870-26F6-4618-86A3-5F471DB1FACA}.Debug|Any CPU.ActiveCfg = Debug|Any CPU
		{07B7D870-26F6-4618-86A3-5F471DB1FACA}.Debug|Any CPU.Build.0 = Debug|Any CPU
		{07B7D870-26F6-4618-86A3-5F471DB1FACA}.Release|Any CPU.ActiveCfg = Release|Any CPU
		{07B7D870-26F6-4618-86A3-5F471DB1FACA}.Release|Any CPU.Build.0 = Release|Any CPU
		{F7F21AA2-E753-423B-94B4-E109064917FA}.Debug|Any CPU.ActiveCfg = Debug|Any CPU
		{F7F21AA2-E753-423B-94B4-E109064917FA}.Debug|Any CPU.Build.0 = Debug|Any CPU
		{F7F21AA2-E753-423B-94B4-E109064917FA}.Release|Any CPU.ActiveCfg = Release|Any CPU
		{F7F21AA2-E753-423B-94B4-E109064917FA}.Release|Any CPU.Build.0 = Release|Any CPU
		{1FB9DB3D-DD26-40E3-9532-957945BB6146}.Debug|Any CPU.ActiveCfg = Debug|Any CPU
		{1FB9DB3D-DD26-40E3-9532-957945BB6146}.Debug|Any CPU.Build.0 = Debug|Any CPU
		{1FB9DB3D-DD26-40E3-9532-957945BB6146}.Release|Any CPU.ActiveCfg = Release|Any CPU
		{1FB9DB3D-DD26-40E3-9532-957945BB6146}.Release|Any CPU.Build.0 = Release|Any CPU
		{3F2D619E-201F-40D3-A1AE-3BBFCE5E2A4C}.Debug|Any CPU.ActiveCfg = Debug|Any CPU
		{3F2D619E-201F-40D3-A1AE-3BBFCE5E2A4C}.Debug|Any CPU.Build.0 = Debug|Any CPU
		{3F2D619E-201F-40D3-A1AE-3BBFCE5E2A4C}.Release|Any CPU.ActiveCfg = Release|Any CPU
		{3F2D619E-201F-40D3-A1AE-3BBFCE5E2A4C}.Release|Any CPU.Build.0 = Release|Any CPU
	EndGlobalSection
	GlobalSection(SolutionProperties) = preSolution
		HideSolutionNode = FALSE
	EndGlobalSection
EndGlobal
